// !$*UTF8*$!
{
	archiveVersion = 1;
	classes = {
	};
	objectVersion = 55;
	objects = {

/* Begin PBXBuildFile section */
		127F3313277C144900F3B415 /* AppDelegate.swift in Sources */ = {isa = PBXBuildFile; fileRef = 127F3312277C144900F3B415 /* AppDelegate.swift */; };
		127F3315277C144900F3B415 /* SceneDelegate.swift in Sources */ = {isa = PBXBuildFile; fileRef = 127F3314277C144900F3B415 /* SceneDelegate.swift */; };
		127F3317277C144900F3B415 /* TetrisViewController.swift in Sources */ = {isa = PBXBuildFile; fileRef = 127F3316277C144900F3B415 /* TetrisViewController.swift */; };
		127F331A277C144900F3B415 /* Main.storyboard in Resources */ = {isa = PBXBuildFile; fileRef = 127F3318277C144900F3B415 /* Main.storyboard */; };
		127F331C277C144A00F3B415 /* Assets.xcassets in Resources */ = {isa = PBXBuildFile; fileRef = 127F331B277C144A00F3B415 /* Assets.xcassets */; };
		127F331F277C144A00F3B415 /* LaunchScreen.storyboard in Resources */ = {isa = PBXBuildFile; fileRef = 127F331D277C144A00F3B415 /* LaunchScreen.storyboard */; };
		127F3327277C148700F3B415 /* Swiftris.swift in Sources */ = {isa = PBXBuildFile; fileRef = 127F3326277C148700F3B415 /* Swiftris.swift */; };
		127F332A277C14A400F3B415 /* GameView.swift in Sources */ = {isa = PBXBuildFile; fileRef = 127F3329277C14A400F3B415 /* GameView.swift */; };
		127F332C277C14B300F3B415 /* GameBoard.swift in Sources */ = {isa = PBXBuildFile; fileRef = 127F332B277C14B300F3B415 /* GameBoard.swift */; };
		127F332E277C14C100F3B415 /* GameScore.swift in Sources */ = {isa = PBXBuildFile; fileRef = 127F332D277C14C100F3B415 /* GameScore.swift */; };
		127F3330277C14D200F3B415 /* NextBrick.swift in Sources */ = {isa = PBXBuildFile; fileRef = 127F332F277C14D200F3B415 /* NextBrick.swift */; };
		127F3332277C14E800F3B415 /* GameButton.swift in Sources */ = {isa = PBXBuildFile; fileRef = 127F3331277C14E800F3B415 /* GameButton.swift */; };
		127F3335277C151000F3B415 /* SoundManager.swift in Sources */ = {isa = PBXBuildFile; fileRef = 127F3334277C151000F3B415 /* SoundManager.swift */; };
		127F3338277C154A00F3B415 /* GamerTimer.swift in Sources */ = {isa = PBXBuildFile; fileRef = 127F3337277C154900F3B415 /* GamerTimer.swift */; };
		127F333A277C156400F3B415 /* Brick.swift in Sources */ = {isa = PBXBuildFile; fileRef = 127F3339277C156400F3B415 /* Brick.swift */; };
		127F3346277C171500F3B415 /* SnapKit in Frameworks */ = {isa = PBXBuildFile; productRef = 127F3345277C171500F3B415 /* SnapKit */; };
		127F3349277C18E500F3B415 /* AddThen in Frameworks */ = {isa = PBXBuildFile; productRef = 127F3348277C18E500F3B415 /* AddThen */; };
		127F334D277C269100F3B415 /* MineCellView.swift in Sources */ = {isa = PBXBuildFile; fileRef = 127F334C277C269100F3B415 /* MineCellView.swift */; };
		127F334F277C26A800F3B415 /* MineBoardView.swift in Sources */ = {isa = PBXBuildFile; fileRef = 127F334E277C26A800F3B415 /* MineBoardView.swift */; };
		127F3353277C271900F3B415 /* MineGameSettings.swift in Sources */ = {isa = PBXBuildFile; fileRef = 127F3352277C271900F3B415 /* MineGameSettings.swift */; };
		127F3355277C273600F3B415 /* Minegame.swift in Sources */ = {isa = PBXBuildFile; fileRef = 127F3354277C273600F3B415 /* Minegame.swift */; };
		127F3357277C275F00F3B415 /* MineCell.swift in Sources */ = {isa = PBXBuildFile; fileRef = 127F3356277C275F00F3B415 /* MineCell.swift */; };
		1290143E277C58870061AFA8 /* fall.mp3 in Resources */ = {isa = PBXBuildFile; fileRef = 1290143D277C58870061AFA8 /* fall.mp3 */; };
		12901440277C58990061AFA8 /* gameover.mp3 in Resources */ = {isa = PBXBuildFile; fileRef = 1290143F277C58990061AFA8 /* gameover.mp3 */; };
		12901442277C589E0061AFA8 /* harddrop.mp3 in Resources */ = {isa = PBXBuildFile; fileRef = 12901441277C589E0061AFA8 /* harddrop.mp3 */; };
		12901444277C58A30061AFA8 /* tetris_original.mp3 in Resources */ = {isa = PBXBuildFile; fileRef = 12901443277C58A30061AFA8 /* tetris_original.mp3 */; };
/* End PBXBuildFile section */

/* Begin PBXFileReference section */
		127F330F277C144900F3B415 /* OpenGames.app */ = {isa = PBXFileReference; explicitFileType = wrapper.application; includeInIndex = 0; path = OpenGames.app; sourceTree = BUILT_PRODUCTS_DIR; };
		127F3312277C144900F3B415 /* AppDelegate.swift */ = {isa = PBXFileReference; lastKnownFileType = sourcecode.swift; path = AppDelegate.swift; sourceTree = "<group>"; };
		127F3314277C144900F3B415 /* SceneDelegate.swift */ = {isa = PBXFileReference; lastKnownFileType = sourcecode.swift; path = SceneDelegate.swift; sourceTree = "<group>"; };
		127F3316277C144900F3B415 /* TetrisViewController.swift */ = {isa = PBXFileReference; lastKnownFileType = sourcecode.swift; path = TetrisViewController.swift; sourceTree = "<group>"; };
		127F3319277C144900F3B415 /* Base */ = {isa = PBXFileReference; lastKnownFileType = file.storyboard; name = Base; path = Base.lproj/Main.storyboard; sourceTree = "<group>"; };
		127F331B277C144A00F3B415 /* Assets.xcassets */ = {isa = PBXFileReference; lastKnownFileType = folder.assetcatalog; path = Assets.xcassets; sourceTree = "<group>"; };
		127F331E277C144A00F3B415 /* Base */ = {isa = PBXFileReference; lastKnownFileType = file.storyboard; name = Base; path = Base.lproj/LaunchScreen.storyboard; sourceTree = "<group>"; };
		127F3320277C144A00F3B415 /* Info.plist */ = {isa = PBXFileReference; lastKnownFileType = text.plist.xml; path = Info.plist; sourceTree = "<group>"; };
		127F3326277C148700F3B415 /* Swiftris.swift */ = {isa = PBXFileReference; lastKnownFileType = sourcecode.swift; path = Swiftris.swift; sourceTree = "<group>"; };
		127F3329277C14A400F3B415 /* GameView.swift */ = {isa = PBXFileReference; lastKnownFileType = sourcecode.swift; path = GameView.swift; sourceTree = "<group>"; };
		127F332B277C14B300F3B415 /* GameBoard.swift */ = {isa = PBXFileReference; lastKnownFileType = sourcecode.swift; path = GameBoard.swift; sourceTree = "<group>"; };
		127F332D277C14C100F3B415 /* GameScore.swift */ = {isa = PBXFileReference; lastKnownFileType = sourcecode.swift; path = GameScore.swift; sourceTree = "<group>"; };
		127F332F277C14D200F3B415 /* NextBrick.swift */ = {isa = PBXFileReference; lastKnownFileType = sourcecode.swift; path = NextBrick.swift; sourceTree = "<group>"; };
		127F3331277C14E800F3B415 /* GameButton.swift */ = {isa = PBXFileReference; lastKnownFileType = sourcecode.swift; path = GameButton.swift; sourceTree = "<group>"; };
		127F3334277C151000F3B415 /* SoundManager.swift */ = {isa = PBXFileReference; lastKnownFileType = sourcecode.swift; path = SoundManager.swift; sourceTree = "<group>"; };
		127F3337277C154900F3B415 /* GamerTimer.swift */ = {isa = PBXFileReference; lastKnownFileType = sourcecode.swift; path = GamerTimer.swift; sourceTree = "<group>"; };
		127F3339277C156400F3B415 /* Brick.swift */ = {isa = PBXFileReference; lastKnownFileType = sourcecode.swift; path = Brick.swift; sourceTree = "<group>"; };
		127F334C277C269100F3B415 /* MineCellView.swift */ = {isa = PBXFileReference; lastKnownFileType = sourcecode.swift; path = MineCellView.swift; sourceTree = "<group>"; };
		127F334E277C26A800F3B415 /* MineBoardView.swift */ = {isa = PBXFileReference; lastKnownFileType = sourcecode.swift; path = MineBoardView.swift; sourceTree = "<group>"; };
		127F3352277C271900F3B415 /* MineGameSettings.swift */ = {isa = PBXFileReference; lastKnownFileType = sourcecode.swift; path = MineGameSettings.swift; sourceTree = "<group>"; };
		127F3354277C273600F3B415 /* Minegame.swift */ = {isa = PBXFileReference; lastKnownFileType = sourcecode.swift; path = Minegame.swift; sourceTree = "<group>"; };
		127F3356277C275F00F3B415 /* MineCell.swift */ = {isa = PBXFileReference; lastKnownFileType = sourcecode.swift; path = MineCell.swift; sourceTree = "<group>"; };
		1290143D277C58870061AFA8 /* fall.mp3 */ = {isa = PBXFileReference; lastKnownFileType = audio.mp3; name = fall.mp3; path = ../../../../test/Swiftris/Swiftris/Game/Resources/fall.mp3; sourceTree = "<group>"; };
		1290143F277C58990061AFA8 /* gameover.mp3 */ = {isa = PBXFileReference; lastKnownFileType = audio.mp3; name = gameover.mp3; path = ../../../../test/Swiftris/Swiftris/Game/Resources/gameover.mp3; sourceTree = "<group>"; };
		12901441277C589E0061AFA8 /* harddrop.mp3 */ = {isa = PBXFileReference; lastKnownFileType = audio.mp3; name = harddrop.mp3; path = ../../../../test/Swiftris/Swiftris/Game/Resources/harddrop.mp3; sourceTree = "<group>"; };
		12901443277C58A30061AFA8 /* tetris_original.mp3 */ = {isa = PBXFileReference; lastKnownFileType = audio.mp3; name = tetris_original.mp3; path = ../../../../test/Swiftris/Swiftris/Game/Resources/tetris_original.mp3; sourceTree = "<group>"; };
/* End PBXFileReference section */

/* Begin PBXFrameworksBuildPhase section */
		127F330C277C144900F3B415 /* Frameworks */ = {
			isa = PBXFrameworksBuildPhase;
			buildActionMask = 2147483647;
			files = (
				127F3346277C171500F3B415 /* SnapKit in Frameworks */,
				127F3349277C18E500F3B415 /* AddThen in Frameworks */,
			);
			runOnlyForDeploymentPostprocessing = 0;
		};
/* End PBXFrameworksBuildPhase section */

/* Begin PBXGroup section */
		127F3306277C144900F3B415 = {
			isa = PBXGroup;
			children = (
				127F3311277C144900F3B415 /* OpenGames */,
				127F3310277C144900F3B415 /* Products */,
			);
			sourceTree = "<group>";
		};
		127F3310277C144900F3B415 /* Products */ = {
			isa = PBXGroup;
			children = (
				127F330F277C144900F3B415 /* OpenGames.app */,
			);
			name = Products;
			sourceTree = "<group>";
		};
		127F3311277C144900F3B415 /* OpenGames */ = {
			isa = PBXGroup;
			children = (
				127F334B277C260600F3B415 /* MineSweeper */,
				127F334A277C25D100F3B415 /* Tetris */,
				127F3312277C144900F3B415 /* AppDelegate.swift */,
				127F3314277C144900F3B415 /* SceneDelegate.swift */,
				127F3318277C144900F3B415 /* Main.storyboard */,
				127F331B277C144A00F3B415 /* Assets.xcassets */,
				127F331D277C144A00F3B415 /* LaunchScreen.storyboard */,
				127F3320277C144A00F3B415 /* Info.plist */,
			);
			path = OpenGames;
			sourceTree = "<group>";
		};
		127F3328277C149C00F3B415 /* View */ = {
			isa = PBXGroup;
			children = (
				127F3329277C14A400F3B415 /* GameView.swift */,
				127F332B277C14B300F3B415 /* GameBoard.swift */,
				127F332D277C14C100F3B415 /* GameScore.swift */,
				127F332F277C14D200F3B415 /* NextBrick.swift */,
				127F3331277C14E800F3B415 /* GameButton.swift */,
			);
			path = View;
			sourceTree = "<group>";
		};
		127F3333277C150200F3B415 /* SoundManager */ = {
			isa = PBXGroup;
			children = (
				127F3334277C151000F3B415 /* SoundManager.swift */,
			);
			path = SoundManager;
			sourceTree = "<group>";
		};
		127F3336277C153500F3B415 /* Model */ = {
			isa = PBXGroup;
			children = (
				127F3337277C154900F3B415 /* GamerTimer.swift */,
				127F3339277C156400F3B415 /* Brick.swift */,
			);
			path = Model;
			sourceTree = "<group>";
		};
		127F333B277C169300F3B415 /* Resources */ = {
			isa = PBXGroup;
			children = (
				12901443277C58A30061AFA8 /* tetris_original.mp3 */,
				12901441277C589E0061AFA8 /* harddrop.mp3 */,
				1290143F277C58990061AFA8 /* gameover.mp3 */,
				1290143D277C58870061AFA8 /* fall.mp3 */,
			);
			path = Resources;
			sourceTree = "<group>";
		};
		127F334A277C25D100F3B415 /* Tetris */ = {
			isa = PBXGroup;
			children = (
				127F3328277C149C00F3B415 /* View */,
				127F3316277C144900F3B415 /* TetrisViewController.swift */,
				127F3326277C148700F3B415 /* Swiftris.swift */,
				127F3333277C150200F3B415 /* SoundManager */,
				127F3336277C153500F3B415 /* Model */,
				127F333B277C169300F3B415 /* Resources */,
			);
			path = Tetris;
			sourceTree = "<group>";
		};
		127F334B277C260600F3B415 /* MineSweeper */ = {
			isa = PBXGroup;
			children = (
				127F3351277C270D00F3B415 /* MineModel */,
				127F3350277C26DC00F3B415 /* MineView */,
			);
			path = MineSweeper;
			sourceTree = "<group>";
		};
		127F3350277C26DC00F3B415 /* MineView */ = {
			isa = PBXGroup;
			children = (
				127F334E277C26A800F3B415 /* MineBoardView.swift */,
				127F334C277C269100F3B415 /* MineCellView.swift */,
			);
			path = MineView;
			sourceTree = "<group>";
		};
		127F3351277C270D00F3B415 /* MineModel */ = {
			isa = PBXGroup;
			children = (
				127F3352277C271900F3B415 /* MineGameSettings.swift */,
				127F3354277C273600F3B415 /* Minegame.swift */,
				127F3356277C275F00F3B415 /* MineCell.swift */,
			);
			path = MineModel;
			sourceTree = "<group>";
		};
/* End PBXGroup section */

/* Begin PBXNativeTarget section */
		127F330E277C144900F3B415 /* OpenGames */ = {
			isa = PBXNativeTarget;
			buildConfigurationList = 127F3323277C144A00F3B415 /* Build configuration list for PBXNativeTarget "OpenGames" */;
			buildPhases = (
				127F330B277C144900F3B415 /* Sources */,
				127F330C277C144900F3B415 /* Frameworks */,
				127F330D277C144900F3B415 /* Resources */,
			);
			buildRules = (
			);
			dependencies = (
			);
			name = OpenGames;
			packageProductDependencies = (
				127F3345277C171500F3B415 /* SnapKit */,
				127F3348277C18E500F3B415 /* AddThen */,
			);
			productName = OpenGames;
			productReference = 127F330F277C144900F3B415 /* OpenGames.app */;
			productType = "com.apple.product-type.application";
		};
/* End PBXNativeTarget section */

/* Begin PBXProject section */
		127F3307277C144900F3B415 /* Project object */ = {
			isa = PBXProject;
			attributes = {
				BuildIndependentTargetsInParallel = 1;
				LastSwiftUpdateCheck = 1310;
				LastUpgradeCheck = 1310;
				TargetAttributes = {
					127F330E277C144900F3B415 = {
						CreatedOnToolsVersion = 13.1;
					};
				};
			};
			buildConfigurationList = 127F330A277C144900F3B415 /* Build configuration list for PBXProject "OpenGames" */;
			compatibilityVersion = "Xcode 13.0";
			developmentRegion = en;
			hasScannedForEncodings = 0;
			knownRegions = (
				en,
				Base,
			);
			mainGroup = 127F3306277C144900F3B415;
			packageReferences = (
				127F3344277C171500F3B415 /* XCRemoteSwiftPackageReference "SnapKit" */,
				127F3347277C18E500F3B415 /* XCRemoteSwiftPackageReference "addthen" */,
			);
			productRefGroup = 127F3310277C144900F3B415 /* Products */;
			projectDirPath = "";
			projectRoot = "";
			targets = (
				127F330E277C144900F3B415 /* OpenGames */,
			);
		};
/* End PBXProject section */

/* Begin PBXResourcesBuildPhase section */
		127F330D277C144900F3B415 /* Resources */ = {
			isa = PBXResourcesBuildPhase;
			buildActionMask = 2147483647;
			files = (
				12901442277C589E0061AFA8 /* harddrop.mp3 in Resources */,
				127F331F277C144A00F3B415 /* LaunchScreen.storyboard in Resources */,
				12901440277C58990061AFA8 /* gameover.mp3 in Resources */,
				127F331C277C144A00F3B415 /* Assets.xcassets in Resources */,
				1290143E277C58870061AFA8 /* fall.mp3 in Resources */,
				127F331A277C144900F3B415 /* Main.storyboard in Resources */,
				12901444277C58A30061AFA8 /* tetris_original.mp3 in Resources */,
			);
			runOnlyForDeploymentPostprocessing = 0;
		};
/* End PBXResourcesBuildPhase section */

/* Begin PBXSourcesBuildPhase section */
		127F330B277C144900F3B415 /* Sources */ = {
			isa = PBXSourcesBuildPhase;
			buildActionMask = 2147483647;
			files = (
				127F3327277C148700F3B415 /* Swiftris.swift in Sources */,
				127F3317277C144900F3B415 /* TetrisViewController.swift in Sources */,
				127F3313277C144900F3B415 /* AppDelegate.swift in Sources */,
				127F3357277C275F00F3B415 /* MineCell.swift in Sources */,
				127F3338277C154A00F3B415 /* GamerTimer.swift in Sources */,
				127F334D277C269100F3B415 /* MineCellView.swift in Sources */,
				127F3315277C144900F3B415 /* SceneDelegate.swift in Sources */,
				127F334F277C26A800F3B415 /* MineBoardView.swift in Sources */,
				127F333A277C156400F3B415 /* Brick.swift in Sources */,
				127F3353277C271900F3B415 /* MineGameSettings.swift in Sources */,
				127F3330277C14D200F3B415 /* NextBrick.swift in Sources */,
				127F332C277C14B300F3B415 /* GameBoard.swift in Sources */,
				127F332E277C14C100F3B415 /* GameScore.swift in Sources */,
				127F3355277C273600F3B415 /* Minegame.swift in Sources */,
				127F3332277C14E800F3B415 /* GameButton.swift in Sources */,
				127F332A277C14A400F3B415 /* GameView.swift in Sources */,
				127F3335277C151000F3B415 /* SoundManager.swift in Sources */,
			);
			runOnlyForDeploymentPostprocessing = 0;
		};
/* End PBXSourcesBuildPhase section */

/* Begin PBXVariantGroup section */
		127F3318277C144900F3B415 /* Main.storyboard */ = {
			isa = PBXVariantGroup;
			children = (
				127F3319277C144900F3B415 /* Base */,
			);
			name = Main.storyboard;
			sourceTree = "<group>";
		};
		127F331D277C144A00F3B415 /* LaunchScreen.storyboard */ = {
			isa = PBXVariantGroup;
			children = (
				127F331E277C144A00F3B415 /* Base */,
			);
			name = LaunchScreen.storyboard;
			sourceTree = "<group>";
		};
/* End PBXVariantGroup section */

/* Begin XCBuildConfiguration section */
		127F3321277C144A00F3B415 /* Debug */ = {
			isa = XCBuildConfiguration;
			buildSettings = {
				ALWAYS_SEARCH_USER_PATHS = NO;
				CLANG_ANALYZER_NONNULL = YES;
				CLANG_ANALYZER_NUMBER_OBJECT_CONVERSION = YES_AGGRESSIVE;
				CLANG_CXX_LANGUAGE_STANDARD = "gnu++17";
				CLANG_CXX_LIBRARY = "libc++";
				CLANG_ENABLE_MODULES = YES;
				CLANG_ENABLE_OBJC_ARC = YES;
				CLANG_ENABLE_OBJC_WEAK = YES;
				CLANG_WARN_BLOCK_CAPTURE_AUTORELEASING = YES;
				CLANG_WARN_BOOL_CONVERSION = YES;
				CLANG_WARN_COMMA = YES;
				CLANG_WARN_CONSTANT_CONVERSION = YES;
				CLANG_WARN_DEPRECATED_OBJC_IMPLEMENTATIONS = YES;
				CLANG_WARN_DIRECT_OBJC_ISA_USAGE = YES_ERROR;
				CLANG_WARN_DOCUMENTATION_COMMENTS = YES;
				CLANG_WARN_EMPTY_BODY = YES;
				CLANG_WARN_ENUM_CONVERSION = YES;
				CLANG_WARN_INFINITE_RECURSION = YES;
				CLANG_WARN_INT_CONVERSION = YES;
				CLANG_WARN_NON_LITERAL_NULL_CONVERSION = YES;
				CLANG_WARN_OBJC_IMPLICIT_RETAIN_SELF = YES;
				CLANG_WARN_OBJC_LITERAL_CONVERSION = YES;
				CLANG_WARN_OBJC_ROOT_CLASS = YES_ERROR;
				CLANG_WARN_QUOTED_INCLUDE_IN_FRAMEWORK_HEADER = YES;
				CLANG_WARN_RANGE_LOOP_ANALYSIS = YES;
				CLANG_WARN_STRICT_PROTOTYPES = YES;
				CLANG_WARN_SUSPICIOUS_MOVE = YES;
				CLANG_WARN_UNGUARDED_AVAILABILITY = YES_AGGRESSIVE;
				CLANG_WARN_UNREACHABLE_CODE = YES;
				CLANG_WARN__DUPLICATE_METHOD_MATCH = YES;
				COPY_PHASE_STRIP = NO;
				DEBUG_INFORMATION_FORMAT = dwarf;
				ENABLE_STRICT_OBJC_MSGSEND = YES;
				ENABLE_TESTABILITY = YES;
				GCC_C_LANGUAGE_STANDARD = gnu11;
				GCC_DYNAMIC_NO_PIC = NO;
				GCC_NO_COMMON_BLOCKS = YES;
				GCC_OPTIMIZATION_LEVEL = 0;
				GCC_PREPROCESSOR_DEFINITIONS = (
					"DEBUG=1",
					"$(inherited)",
				);
				GCC_WARN_64_TO_32_BIT_CONVERSION = YES;
				GCC_WARN_ABOUT_RETURN_TYPE = YES_ERROR;
				GCC_WARN_UNDECLARED_SELECTOR = YES;
				GCC_WARN_UNINITIALIZED_AUTOS = YES_AGGRESSIVE;
				GCC_WARN_UNUSED_FUNCTION = YES;
				GCC_WARN_UNUSED_VARIABLE = YES;
				IPHONEOS_DEPLOYMENT_TARGET = 15.0;
				MTL_ENABLE_DEBUG_INFO = INCLUDE_SOURCE;
				MTL_FAST_MATH = YES;
				ONLY_ACTIVE_ARCH = YES;
				SDKROOT = iphoneos;
				SWIFT_ACTIVE_COMPILATION_CONDITIONS = DEBUG;
				SWIFT_OPTIMIZATION_LEVEL = "-Onone";
			};
			name = Debug;
		};
		127F3322277C144A00F3B415 /* Release */ = {
			isa = XCBuildConfiguration;
			buildSettings = {
				ALWAYS_SEARCH_USER_PATHS = NO;
				CLANG_ANALYZER_NONNULL = YES;
				CLANG_ANALYZER_NUMBER_OBJECT_CONVERSION = YES_AGGRESSIVE;
				CLANG_CXX_LANGUAGE_STANDARD = "gnu++17";
				CLANG_CXX_LIBRARY = "libc++";
				CLANG_ENABLE_MODULES = YES;
				CLANG_ENABLE_OBJC_ARC = YES;
				CLANG_ENABLE_OBJC_WEAK = YES;
				CLANG_WARN_BLOCK_CAPTURE_AUTORELEASING = YES;
				CLANG_WARN_BOOL_CONVERSION = YES;
				CLANG_WARN_COMMA = YES;
				CLANG_WARN_CONSTANT_CONVERSION = YES;
				CLANG_WARN_DEPRECATED_OBJC_IMPLEMENTATIONS = YES;
				CLANG_WARN_DIRECT_OBJC_ISA_USAGE = YES_ERROR;
				CLANG_WARN_DOCUMENTATION_COMMENTS = YES;
				CLANG_WARN_EMPTY_BODY = YES;
				CLANG_WARN_ENUM_CONVERSION = YES;
				CLANG_WARN_INFINITE_RECURSION = YES;
				CLANG_WARN_INT_CONVERSION = YES;
				CLANG_WARN_NON_LITERAL_NULL_CONVERSION = YES;
				CLANG_WARN_OBJC_IMPLICIT_RETAIN_SELF = YES;
				CLANG_WARN_OBJC_LITERAL_CONVERSION = YES;
				CLANG_WARN_OBJC_ROOT_CLASS = YES_ERROR;
				CLANG_WARN_QUOTED_INCLUDE_IN_FRAMEWORK_HEADER = YES;
				CLANG_WARN_RANGE_LOOP_ANALYSIS = YES;
				CLANG_WARN_STRICT_PROTOTYPES = YES;
				CLANG_WARN_SUSPICIOUS_MOVE = YES;
				CLANG_WARN_UNGUARDED_AVAILABILITY = YES_AGGRESSIVE;
				CLANG_WARN_UNREACHABLE_CODE = YES;
				CLANG_WARN__DUPLICATE_METHOD_MATCH = YES;
				COPY_PHASE_STRIP = NO;
				DEBUG_INFORMATION_FORMAT = "dwarf-with-dsym";
				ENABLE_NS_ASSERTIONS = NO;
				ENABLE_STRICT_OBJC_MSGSEND = YES;
				GCC_C_LANGUAGE_STANDARD = gnu11;
				GCC_NO_COMMON_BLOCKS = YES;
				GCC_WARN_64_TO_32_BIT_CONVERSION = YES;
				GCC_WARN_ABOUT_RETURN_TYPE = YES_ERROR;
				GCC_WARN_UNDECLARED_SELECTOR = YES;
				GCC_WARN_UNINITIALIZED_AUTOS = YES_AGGRESSIVE;
				GCC_WARN_UNUSED_FUNCTION = YES;
				GCC_WARN_UNUSED_VARIABLE = YES;
				IPHONEOS_DEPLOYMENT_TARGET = 15.0;
				MTL_ENABLE_DEBUG_INFO = NO;
				MTL_FAST_MATH = YES;
				SDKROOT = iphoneos;
				SWIFT_COMPILATION_MODE = wholemodule;
				SWIFT_OPTIMIZATION_LEVEL = "-O";
				VALIDATE_PRODUCT = YES;
			};
			name = Release;
		};
		127F3324277C144A00F3B415 /* Debug */ = {
			isa = XCBuildConfiguration;
			buildSettings = {
				ASSETCATALOG_COMPILER_APPICON_NAME = AppIcon;
				ASSETCATALOG_COMPILER_GLOBAL_ACCENT_COLOR_NAME = AccentColor;
				CODE_SIGN_STYLE = Automatic;
				CURRENT_PROJECT_VERSION = 1;
				DEVELOPMENT_TEAM = VZTRDYYN8R;
				GENERATE_INFOPLIST_FILE = YES;
				INFOPLIST_FILE = OpenGames/Info.plist;
				INFOPLIST_KEY_UIApplicationSupportsIndirectInputEvents = YES;
				INFOPLIST_KEY_UILaunchStoryboardName = LaunchScreen;
				INFOPLIST_KEY_UIMainStoryboardFile = Main;
				INFOPLIST_KEY_UISupportedInterfaceOrientations_iPad = "UIInterfaceOrientationPortrait UIInterfaceOrientationPortraitUpsideDown UIInterfaceOrientationLandscapeLeft UIInterfaceOrientationLandscapeRight";
				INFOPLIST_KEY_UISupportedInterfaceOrientations_iPhone = "UIInterfaceOrientationPortrait UIInterfaceOrientationLandscapeLeft UIInterfaceOrientationLandscapeRight";
				LD_RUNPATH_SEARCH_PATHS = (
					"$(inherited)",
					"@executable_path/Frameworks",
				);
				MARKETING_VERSION = 1.0;
				PRODUCT_BUNDLE_IDENTIFIER = com.yongjun.OpenGames;
				PRODUCT_NAME = "$(TARGET_NAME)";
				SWIFT_EMIT_LOC_STRINGS = YES;
				SWIFT_VERSION = 5.0;
				TARGETED_DEVICE_FAMILY = "1,2";
			};
			name = Debug;
		};
		127F3325277C144A00F3B415 /* Release */ = {
			isa = XCBuildConfiguration;
			buildSettings = {
				ASSETCATALOG_COMPILER_APPICON_NAME = AppIcon;
				ASSETCATALOG_COMPILER_GLOBAL_ACCENT_COLOR_NAME = AccentColor;
				CODE_SIGN_STYLE = Automatic;
				CURRENT_PROJECT_VERSION = 1;
				DEVELOPMENT_TEAM = VZTRDYYN8R;
				GENERATE_INFOPLIST_FILE = YES;
				INFOPLIST_FILE = OpenGames/Info.plist;
				INFOPLIST_KEY_UIApplicationSupportsIndirectInputEvents = YES;
				INFOPLIST_KEY_UILaunchStoryboardName = LaunchScreen;
				INFOPLIST_KEY_UIMainStoryboardFile = Main;
				INFOPLIST_KEY_UISupportedInterfaceOrientations_iPad = "UIInterfaceOrientationPortrait UIInterfaceOrientationPortraitUpsideDown UIInterfaceOrientationLandscapeLeft UIInterfaceOrientationLandscapeRight";
				INFOPLIST_KEY_UISupportedInterfaceOrientations_iPhone = "UIInterfaceOrientationPortrait UIInterfaceOrientationLandscapeLeft UIInterfaceOrientationLandscapeRight";
				LD_RUNPATH_SEARCH_PATHS = (
					"$(inherited)",
					"@executable_path/Frameworks",
				);
				MARKETING_VERSION = 1.0;
				PRODUCT_BUNDLE_IDENTIFIER = com.yongjun.OpenGames;
				PRODUCT_NAME = "$(TARGET_NAME)";
				SWIFT_EMIT_LOC_STRINGS = YES;
				SWIFT_VERSION = 5.0;
				TARGETED_DEVICE_FAMILY = "1,2";
			};
			name = Release;
		};
/* End XCBuildConfiguration section */

/* Begin XCConfigurationList section */
		127F330A277C144900F3B415 /* Build configuration list for PBXProject "OpenGames" */ = {
			isa = XCConfigurationList;
			buildConfigurations = (
				127F3321277C144A00F3B415 /* Debug */,
				127F3322277C144A00F3B415 /* Release */,
			);
			defaultConfigurationIsVisible = 0;
			defaultConfigurationName = Release;
		};
		127F3323277C144A00F3B415 /* Build configuration list for PBXNativeTarget "OpenGames" */ = {
			isa = XCConfigurationList;
			buildConfigurations = (
				127F3324277C144A00F3B415 /* Debug */,
				127F3325277C144A00F3B415 /* Release */,
			);
			defaultConfigurationIsVisible = 0;
			defaultConfigurationName = Release;
		};
/* End XCConfigurationList section */

/* Begin XCRemoteSwiftPackageReference section */
		127F3344277C171500F3B415 /* XCRemoteSwiftPackageReference "SnapKit" */ = {
			isa = XCRemoteSwiftPackageReference;
			repositoryURL = "https://github.com/SnapKit/SnapKit.git";
			requirement = {
				branch = develop;
				kind = branch;
			};
		};
		127F3347277C18E500F3B415 /* XCRemoteSwiftPackageReference "addthen" */ = {
			isa = XCRemoteSwiftPackageReference;
			repositoryURL = "https://github.com/stareta1202/addthen";
			requirement = {
				branch = main;
				kind = branch;
			};
		};
/* End XCRemoteSwiftPackageReference section */

/* Begin XCSwiftPackageProductDependency section */
		127F3345277C171500F3B415 /* SnapKit */ = {
			isa = XCSwiftPackageProductDependency;
			package = 127F3344277C171500F3B415 /* XCRemoteSwiftPackageReference "SnapKit" */;
			productName = SnapKit;
		};
		127F3348277C18E500F3B415 /* AddThen */ = {
			isa = XCSwiftPackageProductDependency;
			package = 127F3347277C18E500F3B415 /* XCRemoteSwiftPackageReference "addthen" */;
			productName = AddThen;
		};
/* End XCSwiftPackageProductDependency section */
	};
	rootObject = 127F3307277C144900F3B415 /* Project object */;
}
